
Microsoft Visual Studio Solution File, Format Version 12.00
# Visual Studio Version 16
VisualStudioVersion = 16.0.30717.126
MinimumVisualStudioVersion = 10.0.40219.1
Project("{FAE04EC0-301F-11D3-BF4B-00C04F79EFBC}") = "FiguresTask", "FiguresTask\FiguresTask.csproj", "{6037DDE3-64E0-46EE-B8A5-B9D08569CF38}"
EndProject
Project("{FAE04EC0-301F-11D3-BF4B-00C04F79EFBC}") = "Style", "Style\Style.csproj", "{6C8B6D76-227F-4D18-BE26-831AD8E3DEE5}"
EndProject
Global
	GlobalSection(SolutionConfigurationPlatforms) = preSolution
		Debug|Any CPU = Debug|Any CPU
		Release|Any CPU = Release|Any CPU
	EndGlobalSection
	GlobalSection(ProjectConfigurationPlatforms) = postSolution
		{6037DDE3-64E0-46EE-B8A5-B9D08569CF38}.Debug|Any CPU.ActiveCfg = Debug|Any CPU
		{6037DDE3-64E0-46EE-B8A5-B9D08569CF38}.Debug|Any CPU.Build.0 = Debug|Any CPU
		{6037DDE3-64E0-46EE-B8A5-B9D08569CF38}.Release|Any CPU.ActiveCfg = Release|Any CPU
		{6037DDE3-64E0-46EE-B8A5-B9D08569CF38}.Release|Any CPU.Build.0 = Release|Any CPU
		{6C8B6D76-227F-4D18-BE26-831AD8E3DEE5}.Debug|Any CPU.ActiveCfg = Debug|Any CPU
		{6C8B6D76-227F-4D18-BE26-831AD8E3DEE5}.Debug|Any CPU.Build.0 = Debug|Any CPU
		{6C8B6D76-227F-4D18-BE26-831AD8E3DEE5}.Release|Any CPU.ActiveCfg = Release|Any CPU
		{6C8B6D76-227F-4D18-BE26-831AD8E3DEE5}.Release|Any CPU.Build.0 = Release|Any CPU
	EndGlobalSection
	GlobalSection(SolutionProperties) = preSolution
		HideSolutionNode = FALSE
	EndGlobalSection
	GlobalSection(ExtensibilityGlobals) = postSolution
		SolutionGuid = {8FFEF5E3-A504-45B4-85BD-4C787D4CC905}
	EndGlobalSection
EndGlobal
